// !$*UTF8*$!
{
	archiveVersion = 1;
	classes = {
	};
	objectVersion = 51;
	objects = {

/* Begin PBXBuildFile section */
		9DFDAC8E8A88D9BA26AF481E /* Pods_ParstagramTests.framework in Frameworks */ = {isa = PBXBuildFile; fileRef = 4455ACA401FB9C5FCC4D8765 /* Pods_ParstagramTests.framework */; };
		D30DF3CA706ED45A2CBBD9B9 /* Pods_ParstagramUITests.framework in Frameworks */ = {isa = PBXBuildFile; fileRef = 42958C201262C2C3986BB941 /* Pods_ParstagramUITests.framework */; };
		E37D0742CA13D697B69F591E /* Pods_Parstagram.framework in Frameworks */ = {isa = PBXBuildFile; fileRef = B2D9F2F902E763BD7A3525AB /* Pods_Parstagram.framework */; };
		E646A7B72602D37D005C3841 /* CommentCell.swift in Sources */ = {isa = PBXBuildFile; fileRef = E646A7B62602D37D005C3841 /* CommentCell.swift */; };
		E6BAE4B525FAF9E500E68FB9 /* AppDelegate.swift in Sources */ = {isa = PBXBuildFile; fileRef = E6BAE4B425FAF9E500E68FB9 /* AppDelegate.swift */; };
		E6BAE4B725FAF9E500E68FB9 /* SceneDelegate.swift in Sources */ = {isa = PBXBuildFile; fileRef = E6BAE4B625FAF9E500E68FB9 /* SceneDelegate.swift */; };
		E6BAE4BC25FAF9E500E68FB9 /* Main.storyboard in Resources */ = {isa = PBXBuildFile; fileRef = E6BAE4BA25FAF9E500E68FB9 /* Main.storyboard */; };
		E6BAE4BE25FAF9E600E68FB9 /* Assets.xcassets in Resources */ = {isa = PBXBuildFile; fileRef = E6BAE4BD25FAF9E600E68FB9 /* Assets.xcassets */; };
		E6BAE4C125FAF9E600E68FB9 /* LaunchScreen.storyboard in Resources */ = {isa = PBXBuildFile; fileRef = E6BAE4BF25FAF9E600E68FB9 /* LaunchScreen.storyboard */; };
		E6BAE4CC25FAF9E700E68FB9 /* ParstagramTests.swift in Sources */ = {isa = PBXBuildFile; fileRef = E6BAE4CB25FAF9E700E68FB9 /* ParstagramTests.swift */; };
		E6BAE4D725FAF9E700E68FB9 /* ParstagramUITests.swift in Sources */ = {isa = PBXBuildFile; fileRef = E6BAE4D625FAF9E700E68FB9 /* ParstagramUITests.swift */; };
		E6F0A1E525FB206E00785E6B /* LoginViewController.swift in Sources */ = {isa = PBXBuildFile; fileRef = E6F0A1E425FB206E00785E6B /* LoginViewController.swift */; };
		E6F0A1EA25FB208100785E6B /* FeedViewController.swift in Sources */ = {isa = PBXBuildFile; fileRef = E6F0A1E925FB208100785E6B /* FeedViewController.swift */; };
		E6F0A1EF25FB274000785E6B /* CameraViewController.swift in Sources */ = {isa = PBXBuildFile; fileRef = E6F0A1EE25FB274000785E6B /* CameraViewController.swift */; };
		E6F0A20825FB3CEF00785E6B /* PostCell.swift in Sources */ = {isa = PBXBuildFile; fileRef = E6F0A20725FB3CEF00785E6B /* PostCell.swift */; };
/* End PBXBuildFile section */

/* Begin PBXContainerItemProxy section */
		E6BAE4C825FAF9E700E68FB9 /* PBXContainerItemProxy */ = {
			isa = PBXContainerItemProxy;
			containerPortal = E6BAE4A925FAF9E500E68FB9 /* Project object */;
			proxyType = 1;
			remoteGlobalIDString = E6BAE4B025FAF9E500E68FB9;
			remoteInfo = Parstagram;
		};
		E6BAE4D325FAF9E700E68FB9 /* PBXContainerItemProxy */ = {
			isa = PBXContainerItemProxy;
			containerPortal = E6BAE4A925FAF9E500E68FB9 /* Project object */;
			proxyType = 1;
			remoteGlobalIDString = E6BAE4B025FAF9E500E68FB9;
			remoteInfo = Parstagram;
		};
/* End PBXContainerItemProxy section */

/* Begin PBXFileReference section */
		1AFCB5C91D81583EFE638E66 /* Pods-Parstagram.debug.xcconfig */ = {isa = PBXFileReference; includeInIndex = 1; lastKnownFileType = text.xcconfig; name = "Pods-Parstagram.debug.xcconfig"; path = "Target Support Files/Pods-Parstagram/Pods-Parstagram.debug.xcconfig"; sourceTree = "<group>"; };
		42958C201262C2C3986BB941 /* Pods_ParstagramUITests.framework */ = {isa = PBXFileReference; explicitFileType = wrapper.framework; includeInIndex = 0; path = Pods_ParstagramUITests.framework; sourceTree = BUILT_PRODUCTS_DIR; };
		4455ACA401FB9C5FCC4D8765 /* Pods_ParstagramTests.framework */ = {isa = PBXFileReference; explicitFileType = wrapper.framework; includeInIndex = 0; path = Pods_ParstagramTests.framework; sourceTree = BUILT_PRODUCTS_DIR; };
		4AB041C8B915609A3C269C72 /* Pods-ParstagramUITests.release.xcconfig */ = {isa = PBXFileReference; includeInIndex = 1; lastKnownFileType = text.xcconfig; name = "Pods-ParstagramUITests.release.xcconfig"; path = "Target Support Files/Pods-ParstagramUITests/Pods-ParstagramUITests.release.xcconfig"; sourceTree = "<group>"; };
		4ADC4F0064243DFE801F7633 /* Pods-Parstagram-ParstagramUITests.debug.xcconfig */ = {isa = PBXFileReference; includeInIndex = 1; lastKnownFileType = text.xcconfig; name = "Pods-Parstagram-ParstagramUITests.debug.xcconfig"; path = "Target Support Files/Pods-Parstagram-ParstagramUITests/Pods-Parstagram-ParstagramUITests.debug.xcconfig"; sourceTree = "<group>"; };
		5D18C38481D87F8C01A482CC /* Pods-ParstagramUITests.debug.xcconfig */ = {isa = PBXFileReference; includeInIndex = 1; lastKnownFileType = text.xcconfig; name = "Pods-ParstagramUITests.debug.xcconfig"; path = "Target Support Files/Pods-ParstagramUITests/Pods-ParstagramUITests.debug.xcconfig"; sourceTree = "<group>"; };
		7B8072F55369CE61D759A189 /* Pods-ParstagramTests.debug.xcconfig */ = {isa = PBXFileReference; includeInIndex = 1; lastKnownFileType = text.xcconfig; name = "Pods-ParstagramTests.debug.xcconfig"; path = "Target Support Files/Pods-ParstagramTests/Pods-ParstagramTests.debug.xcconfig"; sourceTree = "<group>"; };
		7ECF2965F78CA69840826686 /* Pods-ParstagramTests.release.xcconfig */ = {isa = PBXFileReference; includeInIndex = 1; lastKnownFileType = text.xcconfig; name = "Pods-ParstagramTests.release.xcconfig"; path = "Target Support Files/Pods-ParstagramTests/Pods-ParstagramTests.release.xcconfig"; sourceTree = "<group>"; };
		9490B8BEF9EF78A1F0B4D204 /* Pods-Parstagram.release.xcconfig */ = {isa = PBXFileReference; includeInIndex = 1; lastKnownFileType = text.xcconfig; name = "Pods-Parstagram.release.xcconfig"; path = "Target Support Files/Pods-Parstagram/Pods-Parstagram.release.xcconfig"; sourceTree = "<group>"; };
		B2D9F2F902E763BD7A3525AB /* Pods_Parstagram.framework */ = {isa = PBXFileReference; explicitFileType = wrapper.framework; includeInIndex = 0; path = Pods_Parstagram.framework; sourceTree = BUILT_PRODUCTS_DIR; };
		E646A7B62602D37D005C3841 /* CommentCell.swift */ = {isa = PBXFileReference; lastKnownFileType = sourcecode.swift; path = CommentCell.swift; sourceTree = "<group>"; };
		E6BAE4B125FAF9E500E68FB9 /* Parstagram.app */ = {isa = PBXFileReference; explicitFileType = wrapper.application; includeInIndex = 0; path = Parstagram.app; sourceTree = BUILT_PRODUCTS_DIR; };
		E6BAE4B425FAF9E500E68FB9 /* AppDelegate.swift */ = {isa = PBXFileReference; lastKnownFileType = sourcecode.swift; path = AppDelegate.swift; sourceTree = "<group>"; };
		E6BAE4B625FAF9E500E68FB9 /* SceneDelegate.swift */ = {isa = PBXFileReference; lastKnownFileType = sourcecode.swift; path = SceneDelegate.swift; sourceTree = "<group>"; };
		E6BAE4BB25FAF9E500E68FB9 /* Base */ = {isa = PBXFileReference; lastKnownFileType = file.storyboard; name = Base; path = Base.lproj/Main.storyboard; sourceTree = "<group>"; };
		E6BAE4BD25FAF9E600E68FB9 /* Assets.xcassets */ = {isa = PBXFileReference; lastKnownFileType = folder.assetcatalog; path = Assets.xcassets; sourceTree = "<group>"; };
		E6BAE4C025FAF9E600E68FB9 /* Base */ = {isa = PBXFileReference; lastKnownFileType = file.storyboard; name = Base; path = Base.lproj/LaunchScreen.storyboard; sourceTree = "<group>"; };
		E6BAE4C225FAF9E600E68FB9 /* Info.plist */ = {isa = PBXFileReference; lastKnownFileType = text.plist.xml; path = Info.plist; sourceTree = "<group>"; };
		E6BAE4C725FAF9E700E68FB9 /* ParstagramTests.xctest */ = {isa = PBXFileReference; explicitFileType = wrapper.cfbundle; includeInIndex = 0; path = ParstagramTests.xctest; sourceTree = BUILT_PRODUCTS_DIR; };
		E6BAE4CB25FAF9E700E68FB9 /* ParstagramTests.swift */ = {isa = PBXFileReference; lastKnownFileType = sourcecode.swift; path = ParstagramTests.swift; sourceTree = "<group>"; };
		E6BAE4CD25FAF9E700E68FB9 /* Info.plist */ = {isa = PBXFileReference; lastKnownFileType = text.plist.xml; path = Info.plist; sourceTree = "<group>"; };
		E6BAE4D225FAF9E700E68FB9 /* ParstagramUITests.xctest */ = {isa = PBXFileReference; explicitFileType = wrapper.cfbundle; includeInIndex = 0; path = ParstagramUITests.xctest; sourceTree = BUILT_PRODUCTS_DIR; };
		E6BAE4D625FAF9E700E68FB9 /* ParstagramUITests.swift */ = {isa = PBXFileReference; lastKnownFileType = sourcecode.swift; path = ParstagramUITests.swift; sourceTree = "<group>"; };
		E6BAE4D825FAF9E700E68FB9 /* Info.plist */ = {isa = PBXFileReference; lastKnownFileType = text.plist.xml; path = Info.plist; sourceTree = "<group>"; };
		E6F0A1E425FB206E00785E6B /* LoginViewController.swift */ = {isa = PBXFileReference; lastKnownFileType = sourcecode.swift; path = LoginViewController.swift; sourceTree = "<group>"; };
		E6F0A1E925FB208100785E6B /* FeedViewController.swift */ = {isa = PBXFileReference; lastKnownFileType = sourcecode.swift; path = FeedViewController.swift; sourceTree = "<group>"; };
		E6F0A1EE25FB274000785E6B /* CameraViewController.swift */ = {isa = PBXFileReference; lastKnownFileType = sourcecode.swift; path = CameraViewController.swift; sourceTree = "<group>"; };
		E6F0A20725FB3CEF00785E6B /* PostCell.swift */ = {isa = PBXFileReference; lastKnownFileType = sourcecode.swift; path = PostCell.swift; sourceTree = "<group>"; };
		EC730AF4A850BEB830EE26C4 /* Pods-Parstagram-ParstagramUITests.release.xcconfig */ = {isa = PBXFileReference; includeInIndex = 1; lastKnownFileType = text.xcconfig; name = "Pods-Parstagram-ParstagramUITests.release.xcconfig"; path = "Target Support Files/Pods-Parstagram-ParstagramUITests/Pods-Parstagram-ParstagramUITests.release.xcconfig"; sourceTree = "<group>"; };
/* End PBXFileReference section */

/* Begin PBXFrameworksBuildPhase section */
		E6BAE4AE25FAF9E500E68FB9 /* Frameworks */ = {
			isa = PBXFrameworksBuildPhase;
			buildActionMask = 2147483647;
			files = (
				E37D0742CA13D697B69F591E /* Pods_Parstagram.framework in Frameworks */,
			);
			runOnlyForDeploymentPostprocessing = 0;
		};
		E6BAE4C425FAF9E700E68FB9 /* Frameworks */ = {
			isa = PBXFrameworksBuildPhase;
			buildActionMask = 2147483647;
			files = (
				9DFDAC8E8A88D9BA26AF481E /* Pods_ParstagramTests.framework in Frameworks */,
			);
			runOnlyForDeploymentPostprocessing = 0;
		};
		E6BAE4CF25FAF9E700E68FB9 /* Frameworks */ = {
			isa = PBXFrameworksBuildPhase;
			buildActionMask = 2147483647;
			files = (
				D30DF3CA706ED45A2CBBD9B9 /* Pods_ParstagramUITests.framework in Frameworks */,
			);
			runOnlyForDeploymentPostprocessing = 0;
		};
/* End PBXFrameworksBuildPhase section */

/* Begin PBXGroup section */
		0BE0D88241A70DFC83386CD4 /* Pods */ = {
			isa = PBXGroup;
			children = (
				1AFCB5C91D81583EFE638E66 /* Pods-Parstagram.debug.xcconfig */,
				9490B8BEF9EF78A1F0B4D204 /* Pods-Parstagram.release.xcconfig */,
				4ADC4F0064243DFE801F7633 /* Pods-Parstagram-ParstagramUITests.debug.xcconfig */,
				EC730AF4A850BEB830EE26C4 /* Pods-Parstagram-ParstagramUITests.release.xcconfig */,
				7B8072F55369CE61D759A189 /* Pods-ParstagramTests.debug.xcconfig */,
				7ECF2965F78CA69840826686 /* Pods-ParstagramTests.release.xcconfig */,
				5D18C38481D87F8C01A482CC /* Pods-ParstagramUITests.debug.xcconfig */,
				4AB041C8B915609A3C269C72 /* Pods-ParstagramUITests.release.xcconfig */,
			);
			path = Pods;
			sourceTree = "<group>";
		};
		E6BAE4A825FAF9E500E68FB9 = {
			isa = PBXGroup;
			children = (
				E6BAE4B325FAF9E500E68FB9 /* Parstagram */,
				E6BAE4CA25FAF9E700E68FB9 /* ParstagramTests */,
				E6BAE4D525FAF9E700E68FB9 /* ParstagramUITests */,
				E6BAE4B225FAF9E500E68FB9 /* Products */,
				0BE0D88241A70DFC83386CD4 /* Pods */,
				FB3711A5AB0AC69DD03F4861 /* Frameworks */,
			);
			sourceTree = "<group>";
		};
		E6BAE4B225FAF9E500E68FB9 /* Products */ = {
			isa = PBXGroup;
			children = (
				E6BAE4B125FAF9E500E68FB9 /* Parstagram.app */,
				E6BAE4C725FAF9E700E68FB9 /* ParstagramTests.xctest */,
				E6BAE4D225FAF9E700E68FB9 /* ParstagramUITests.xctest */,
			);
			name = Products;
			sourceTree = "<group>";
		};
		E6BAE4B325FAF9E500E68FB9 /* Parstagram */ = {
			isa = PBXGroup;
			children = (
				E6BAE4B425FAF9E500E68FB9 /* AppDelegate.swift */,
				E6BAE4B625FAF9E500E68FB9 /* SceneDelegate.swift */,
				E6BAE4BA25FAF9E500E68FB9 /* Main.storyboard */,
				E6BAE4BD25FAF9E600E68FB9 /* Assets.xcassets */,
				E6BAE4BF25FAF9E600E68FB9 /* LaunchScreen.storyboard */,
				E6BAE4C225FAF9E600E68FB9 /* Info.plist */,
				E6F0A1E425FB206E00785E6B /* LoginViewController.swift */,
				E6F0A1E925FB208100785E6B /* FeedViewController.swift */,
				E6F0A1EE25FB274000785E6B /* CameraViewController.swift */,
				E6F0A20725FB3CEF00785E6B /* PostCell.swift */,
				E646A7B62602D37D005C3841 /* CommentCell.swift */,
			);
			path = Parstagram;
			sourceTree = "<group>";
		};
		E6BAE4CA25FAF9E700E68FB9 /* ParstagramTests */ = {
			isa = PBXGroup;
			children = (
				E6BAE4CB25FAF9E700E68FB9 /* ParstagramTests.swift */,
				E6BAE4CD25FAF9E700E68FB9 /* Info.plist */,
			);
			path = ParstagramTests;
			sourceTree = "<group>";
		};
		E6BAE4D525FAF9E700E68FB9 /* ParstagramUITests */ = {
			isa = PBXGroup;
			children = (
				E6BAE4D625FAF9E700E68FB9 /* ParstagramUITests.swift */,
				E6BAE4D825FAF9E700E68FB9 /* Info.plist */,
			);
			path = ParstagramUITests;
			sourceTree = "<group>";
		};
		FB3711A5AB0AC69DD03F4861 /* Frameworks */ = {
			isa = PBXGroup;
			children = (
				B2D9F2F902E763BD7A3525AB /* Pods_Parstagram.framework */,
				4455ACA401FB9C5FCC4D8765 /* Pods_ParstagramTests.framework */,
				42958C201262C2C3986BB941 /* Pods_ParstagramUITests.framework */,
			);
			name = Frameworks;
			sourceTree = "<group>";
		};
/* End PBXGroup section */

/* Begin PBXNativeTarget section */
		E6BAE4B025FAF9E500E68FB9 /* Parstagram */ = {
			isa = PBXNativeTarget;
			buildConfigurationList = E6BAE4DB25FAF9E700E68FB9 /* Build configuration list for PBXNativeTarget "Parstagram" */;
			buildPhases = (
				2B120FF1E4740C8AEFA4C073 /* [CP] Check Pods Manifest.lock */,
				E6BAE4AD25FAF9E500E68FB9 /* Sources */,
				E6BAE4AE25FAF9E500E68FB9 /* Frameworks */,
				E6BAE4AF25FAF9E500E68FB9 /* Resources */,
				429E4EE018DD6F34106A2EF0 /* [CP] Embed Pods Frameworks */,
			);
			buildRules = (
			);
			dependencies = (
			);
			name = Parstagram;
			productName = Parstagram;
			productReference = E6BAE4B125FAF9E500E68FB9 /* Parstagram.app */;
			productType = "com.apple.product-type.application";
		};
		E6BAE4C625FAF9E700E68FB9 /* ParstagramTests */ = {
			isa = PBXNativeTarget;
			buildConfigurationList = E6BAE4DE25FAF9E700E68FB9 /* Build configuration list for PBXNativeTarget "ParstagramTests" */;
			buildPhases = (
				1A6F996B37D1B51764C09173 /* [CP] Check Pods Manifest.lock */,
				E6BAE4C325FAF9E700E68FB9 /* Sources */,
				E6BAE4C425FAF9E700E68FB9 /* Frameworks */,
				E6BAE4C525FAF9E700E68FB9 /* Resources */,
			);
			buildRules = (
			);
			dependencies = (
				E6BAE4C925FAF9E700E68FB9 /* PBXTargetDependency */,
			);
			name = ParstagramTests;
			productName = ParstagramTests;
			productReference = E6BAE4C725FAF9E700E68FB9 /* ParstagramTests.xctest */;
			productType = "com.apple.product-type.bundle.unit-test";
		};
		E6BAE4D125FAF9E700E68FB9 /* ParstagramUITests */ = {
			isa = PBXNativeTarget;
			buildConfigurationList = E6BAE4E125FAF9E700E68FB9 /* Build configuration list for PBXNativeTarget "ParstagramUITests" */;
			buildPhases = (
				49E8FAC0D57EB79CB37409BD /* [CP] Check Pods Manifest.lock */,
				E6BAE4CE25FAF9E700E68FB9 /* Sources */,
				E6BAE4CF25FAF9E700E68FB9 /* Frameworks */,
				E6BAE4D025FAF9E700E68FB9 /* Resources */,
			);
			buildRules = (
			);
			dependencies = (
				E6BAE4D425FAF9E700E68FB9 /* PBXTargetDependency */,
			);
			name = ParstagramUITests;
			productName = ParstagramUITests;
			productReference = E6BAE4D225FAF9E700E68FB9 /* ParstagramUITests.xctest */;
			productType = "com.apple.product-type.bundle.ui-testing";
		};
/* End PBXNativeTarget section */

/* Begin PBXProject section */
		E6BAE4A925FAF9E500E68FB9 /* Project object */ = {
			isa = PBXProject;
			attributes = {
				LastSwiftUpdateCheck = 1240;
				LastUpgradeCheck = 1240;
				TargetAttributes = {
					E6BAE4B025FAF9E500E68FB9 = {
						CreatedOnToolsVersion = 12.4;
					};
					E6BAE4C625FAF9E700E68FB9 = {
						CreatedOnToolsVersion = 12.4;
						TestTargetID = E6BAE4B025FAF9E500E68FB9;
					};
					E6BAE4D125FAF9E700E68FB9 = {
						CreatedOnToolsVersion = 12.4;
						TestTargetID = E6BAE4B025FAF9E500E68FB9;
					};
				};
			};
			buildConfigurationList = E6BAE4AC25FAF9E500E68FB9 /* Build configuration list for PBXProject "Parstagram" */;
			compatibilityVersion = "Xcode 9.3";
			developmentRegion = en;
			hasScannedForEncodings = 0;
			knownRegions = (
				en,
				Base,
			);
			mainGroup = E6BAE4A825FAF9E500E68FB9;
			productRefGroup = E6BAE4B225FAF9E500E68FB9 /* Products */;
			projectDirPath = "";
			projectRoot = "";
			targets = (
				E6BAE4B025FAF9E500E68FB9 /* Parstagram */,
				E6BAE4C625FAF9E700E68FB9 /* ParstagramTests */,
				E6BAE4D125FAF9E700E68FB9 /* ParstagramUITests */,
			);
		};
/* End PBXProject section */

/* Begin PBXResourcesBuildPhase section */
		E6BAE4AF25FAF9E500E68FB9 /* Resources */ = {
			isa = PBXResourcesBuildPhase;
			buildActionMask = 2147483647;
			files = (
				E6BAE4C125FAF9E600E68FB9 /* LaunchScreen.storyboard in Resources */,
				E6BAE4BE25FAF9E600E68FB9 /* Assets.xcassets in Resources */,
				E6BAE4BC25FAF9E500E68FB9 /* Main.storyboard in Resources */,
			);
			runOnlyForDeploymentPostprocessing = 0;
		};
		E6BAE4C525FAF9E700E68FB9 /* Resources */ = {
			isa = PBXResourcesBuildPhase;
			buildActionMask = 2147483647;
			files = (
			);
			runOnlyForDeploymentPostprocessing = 0;
		};
		E6BAE4D025FAF9E700E68FB9 /* Resources */ = {
			isa = PBXResourcesBuildPhase;
			buildActionMask = 2147483647;
			files = (
			);
			runOnlyForDeploymentPostprocessing = 0;
		};
/* End PBXResourcesBuildPhase section */

/* Begin PBXShellScriptBuildPhase section */
		1A6F996B37D1B51764C09173 /* [CP] Check Pods Manifest.lock */ = {
			isa = PBXShellScriptBuildPhase;
			buildActionMask = 2147483647;
			files = (
			);
			inputFileListPaths = (
			);
			inputPaths = (
				"${PODS_PODFILE_DIR_PATH}/Podfile.lock",
				"${PODS_ROOT}/Manifest.lock",
			);
			name = "[CP] Check Pods Manifest.lock";
			outputFileListPaths = (
			);
			outputPaths = (
				"$(DERIVED_FILE_DIR)/Pods-ParstagramTests-checkManifestLockResult.txt",
			);
			runOnlyForDeploymentPostprocessing = 0;
			shellPath = /bin/sh;
			shellScript = "diff \"${PODS_PODFILE_DIR_PATH}/Podfile.lock\" \"${PODS_ROOT}/Manifest.lock\" > /dev/null\nif [ $? != 0 ] ; then\n    # print error to STDERR\n    echo \"error: The sandbox is not in sync with the Podfile.lock. Run 'pod install' or update your CocoaPods installation.\" >&2\n    exit 1\nfi\n# This output is used by Xcode 'outputs' to avoid re-running this script phase.\necho \"SUCCESS\" > \"${SCRIPT_OUTPUT_FILE_0}\"\n";
			showEnvVarsInLog = 0;
		};
		2B120FF1E4740C8AEFA4C073 /* [CP] Check Pods Manifest.lock */ = {
			isa = PBXShellScriptBuildPhase;
			buildActionMask = 2147483647;
			files = (
			);
			inputFileListPaths = (
			);
			inputPaths = (
				"${PODS_PODFILE_DIR_PATH}/Podfile.lock",
				"${PODS_ROOT}/Manifest.lock",
			);
			name = "[CP] Check Pods Manifest.lock";
			outputFileListPaths = (
			);
			outputPaths = (
				"$(DERIVED_FILE_DIR)/Pods-Parstagram-checkManifestLockResult.txt",
			);
			runOnlyForDeploymentPostprocessing = 0;
			shellPath = /bin/sh;
			shellScript = "diff \"${PODS_PODFILE_DIR_PATH}/Podfile.lock\" \"${PODS_ROOT}/Manifest.lock\" > /dev/null\nif [ $? != 0 ] ; then\n    # print error to STDERR\n    echo \"error: The sandbox is not in sync with the Podfile.lock. Run 'pod install' or update your CocoaPods installation.\" >&2\n    exit 1\nfi\n# This output is used by Xcode 'outputs' to avoid re-running this script phase.\necho \"SUCCESS\" > \"${SCRIPT_OUTPUT_FILE_0}\"\n";
			showEnvVarsInLog = 0;
		};
		429E4EE018DD6F34106A2EF0 /* [CP] Embed Pods Frameworks */ = {
			isa = PBXShellScriptBuildPhase;
			buildActionMask = 2147483647;
			files = (
			);
			inputFileListPaths = (
				"${PODS_ROOT}/Target Support Files/Pods-Parstagram/Pods-Parstagram-frameworks-${CONFIGURATION}-input-files.xcfilelist",
			);
			name = "[CP] Embed Pods Frameworks";
			outputFileListPaths = (
				"${PODS_ROOT}/Target Support Files/Pods-Parstagram/Pods-Parstagram-frameworks-${CONFIGURATION}-output-files.xcfilelist",
			);
			runOnlyForDeploymentPostprocessing = 0;
			shellPath = /bin/sh;
			shellScript = "\"${PODS_ROOT}/Target Support Files/Pods-Parstagram/Pods-Parstagram-frameworks.sh\"\n";
			showEnvVarsInLog = 0;
		};
		49E8FAC0D57EB79CB37409BD /* [CP] Check Pods Manifest.lock */ = {
			isa = PBXShellScriptBuildPhase;
			buildActionMask = 2147483647;
			files = (
			);
			inputFileListPaths = (
			);
			inputPaths = (
				"${PODS_PODFILE_DIR_PATH}/Podfile.lock",
				"${PODS_ROOT}/Manifest.lock",
			);
			name = "[CP] Check Pods Manifest.lock";
			outputFileListPaths = (
			);
			outputPaths = (
				"$(DERIVED_FILE_DIR)/Pods-ParstagramUITests-checkManifestLockResult.txt",
			);
			runOnlyForDeploymentPostprocessing = 0;
			shellPath = /bin/sh;
			shellScript = "diff \"${PODS_PODFILE_DIR_PATH}/Podfile.lock\" \"${PODS_ROOT}/Manifest.lock\" > /dev/null\nif [ $? != 0 ] ; then\n    # print error to STDERR\n    echo \"error: The sandbox is not in sync with the Podfile.lock. Run 'pod install' or update your CocoaPods installation.\" >&2\n    exit 1\nfi\n# This output is used by Xcode 'outputs' to avoid re-running this script phase.\necho \"SUCCESS\" > \"${SCRIPT_OUTPUT_FILE_0}\"\n";
			showEnvVarsInLog = 0;
		};
/* End PBXShellScriptBuildPhase section */

/* Begin PBXSourcesBuildPhase section */
		E6BAE4AD25FAF9E500E68FB9 /* Sources */ = {
			isa = PBXSourcesBuildPhase;
			buildActionMask = 2147483647;
			files = (
				E6F0A1E525FB206E00785E6B /* LoginViewController.swift in Sources */,
				E6F0A1EF25FB274000785E6B /* CameraViewController.swift in Sources */,
				E6BAE4B525FAF9E500E68FB9 /* AppDelegate.swift in Sources */,
				E6F0A1EA25FB208100785E6B /* FeedViewController.swift in Sources */,
				E6BAE4B725FAF9E500E68FB9 /* SceneDelegate.swift in Sources */,
				E6F0A20825FB3CEF00785E6B /* PostCell.swift in Sources */,
				E646A7B72602D37D005C3841 /* CommentCell.swift in Sources */,
			);
			runOnlyForDeploymentPostprocessing = 0;
		};
		E6BAE4C325FAF9E700E68FB9 /* Sources */ = {
			isa = PBXSourcesBuildPhase;
			buildActionMask = 2147483647;
			files = (
				E6BAE4CC25FAF9E700E68FB9 /* ParstagramTests.swift in Sources */,
			);
			runOnlyForDeploymentPostprocessing = 0;
		};
		E6BAE4CE25FAF9E700E68FB9 /* Sources */ = {
			isa = PBXSourcesBuildPhase;
			buildActionMask = 2147483647;
			files = (
				E6BAE4D725FAF9E700E68FB9 /* ParstagramUITests.swift in Sources */,
			);
			runOnlyForDeploymentPostprocessing = 0;
		};
/* End PBXSourcesBuildPhase section */

/* Begin PBXTargetDependency section */
		E6BAE4C925FAF9E700E68FB9 /* PBXTargetDependency */ = {
			isa = PBXTargetDependency;
			target = E6BAE4B025FAF9E500E68FB9 /* Parstagram */;
			targetProxy = E6BAE4C825FAF9E700E68FB9 /* PBXContainerItemProxy */;
		};
		E6BAE4D425FAF9E700E68FB9 /* PBXTargetDependency */ = {
			isa = PBXTargetDependency;
			target = E6BAE4B025FAF9E500E68FB9 /* Parstagram */;
			targetProxy = E6BAE4D325FAF9E700E68FB9 /* PBXContainerItemProxy */;
		};
/* End PBXTargetDependency section */

/* Begin PBXVariantGroup section */
		E6BAE4BA25FAF9E500E68FB9 /* Main.storyboard */ = {
			isa = PBXVariantGroup;
			children = (
				E6BAE4BB25FAF9E500E68FB9 /* Base */,
			);
			name = Main.storyboard;
			sourceTree = "<group>";
		};
		E6BAE4BF25FAF9E600E68FB9 /* LaunchScreen.storyboard */ = {
			isa = PBXVariantGroup;
			children = (
				E6BAE4C025FAF9E600E68FB9 /* Base */,
			);
			name = LaunchScreen.storyboard;
			sourceTree = "<group>";
		};
/* End PBXVariantGroup section */

/* Begin XCBuildConfiguration section */
		E6BAE4D925FAF9E700E68FB9 /* Debug */ = {
			isa = XCBuildConfiguration;
			buildSettings = {
				ALWAYS_SEARCH_USER_PATHS = NO;
				CLANG_ANALYZER_NONNULL = YES;
				CLANG_ANALYZER_NUMBER_OBJECT_CONVERSION = YES_AGGRESSIVE;
				CLANG_CXX_LANGUAGE_STANDARD = "gnu++14";
				CLANG_CXX_LIBRARY = "libc++";
				CLANG_ENABLE_MODULES = YES;
				CLANG_ENABLE_OBJC_ARC = YES;
				CLANG_ENABLE_OBJC_WEAK = YES;
				CLANG_WARN_BLOCK_CAPTURE_AUTORELEASING = YES;
				CLANG_WARN_BOOL_CONVERSION = YES;
				CLANG_WARN_COMMA = YES;
				CLANG_WARN_CONSTANT_CONVERSION = YES;
				CLANG_WARN_DEPRECATED_OBJC_IMPLEMENTATIONS = YES;
				CLANG_WARN_DIRECT_OBJC_ISA_USAGE = YES_ERROR;
				CLANG_WARN_DOCUMENTATION_COMMENTS = YES;
				CLANG_WARN_EMPTY_BODY = YES;
				CLANG_WARN_ENUM_CONVERSION = YES;
				CLANG_WARN_INFINITE_RECURSION = YES;
				CLANG_WARN_INT_CONVERSION = YES;
				CLANG_WARN_NON_LITERAL_NULL_CONVERSION = YES;
				CLANG_WARN_OBJC_IMPLICIT_RETAIN_SELF = YES;
				CLANG_WARN_OBJC_LITERAL_CONVERSION = YES;
				CLANG_WARN_OBJC_ROOT_CLASS = YES_ERROR;
				CLANG_WARN_QUOTED_INCLUDE_IN_FRAMEWORK_HEADER = YES;
				CLANG_WARN_RANGE_LOOP_ANALYSIS = YES;
				CLANG_WARN_STRICT_PROTOTYPES = YES;
				CLANG_WARN_SUSPICIOUS_MOVE = YES;
				CLANG_WARN_UNGUARDED_AVAILABILITY = YES_AGGRESSIVE;
				CLANG_WARN_UNREACHABLE_CODE = YES;
				CLANG_WARN__DUPLICATE_METHOD_MATCH = YES;
				COPY_PHASE_STRIP = NO;
				DEBUG_INFORMATION_FORMAT = dwarf;
				ENABLE_STRICT_OBJC_MSGSEND = YES;
				ENABLE_TESTABILITY = YES;
				GCC_C_LANGUAGE_STANDARD = gnu11;
				GCC_DYNAMIC_NO_PIC = NO;
				GCC_NO_COMMON_BLOCKS = YES;
				GCC_OPTIMIZATION_LEVEL = 0;
				GCC_PREPROCESSOR_DEFINITIONS = (
					"DEBUG=1",
					"$(inherited)",
				);
				GCC_WARN_64_TO_32_BIT_CONVERSION = YES;
				GCC_WARN_ABOUT_RETURN_TYPE = YES_ERROR;
				GCC_WARN_UNDECLARED_SELECTOR = YES;
				GCC_WARN_UNINITIALIZED_AUTOS = YES_AGGRESSIVE;
				GCC_WARN_UNUSED_FUNCTION = YES;
				GCC_WARN_UNUSED_VARIABLE = YES;
				IPHONEOS_DEPLOYMENT_TARGET = 14.4;
				MTL_ENABLE_DEBUG_INFO = INCLUDE_SOURCE;
				MTL_FAST_MATH = YES;
				ONLY_ACTIVE_ARCH = YES;
				SDKROOT = iphoneos;
				SWIFT_ACTIVE_COMPILATION_CONDITIONS = DEBUG;
				SWIFT_OPTIMIZATION_LEVEL = "-Onone";
			};
			name = Debug;
		};
		E6BAE4DA25FAF9E700E68FB9 /* Release */ = {
			isa = XCBuildConfiguration;
			buildSettings = {
				ALWAYS_SEARCH_USER_PATHS = NO;
				CLANG_ANALYZER_NONNULL = YES;
				CLANG_ANALYZER_NUMBER_OBJECT_CONVERSION = YES_AGGRESSIVE;
				CLANG_CXX_LANGUAGE_STANDARD = "gnu++14";
				CLANG_CXX_LIBRARY = "libc++";
				CLANG_ENABLE_MODULES = YES;
				CLANG_ENABLE_OBJC_ARC = YES;
				CLANG_ENABLE_OBJC_WEAK = YES;
				CLANG_WARN_BLOCK_CAPTURE_AUTORELEASING = YES;
				CLANG_WARN_BOOL_CONVERSION = YES;
				CLANG_WARN_COMMA = YES;
				CLANG_WARN_CONSTANT_CONVERSION = YES;
				CLANG_WARN_DEPRECATED_OBJC_IMPLEMENTATIONS = YES;
				CLANG_WARN_DIRECT_OBJC_ISA_USAGE = YES_ERROR;
				CLANG_WARN_DOCUMENTATION_COMMENTS = YES;
				CLANG_WARN_EMPTY_BODY = YES;
				CLANG_WARN_ENUM_CONVERSION = YES;
				CLANG_WARN_INFINITE_RECURSION = YES;
				CLANG_WARN_INT_CONVERSION = YES;
				CLANG_WARN_NON_LITERAL_NULL_CONVERSION = YES;
				CLANG_WARN_OBJC_IMPLICIT_RETAIN_SELF = YES;
				CLANG_WARN_OBJC_LITERAL_CONVERSION = YES;
				CLANG_WARN_OBJC_ROOT_CLASS = YES_ERROR;
				CLANG_WARN_QUOTED_INCLUDE_IN_FRAMEWORK_HEADER = YES;
				CLANG_WARN_RANGE_LOOP_ANALYSIS = YES;
				CLANG_WARN_STRICT_PROTOTYPES = YES;
				CLANG_WARN_SUSPICIOUS_MOVE = YES;
				CLANG_WARN_UNGUARDED_AVAILABILITY = YES_AGGRESSIVE;
				CLANG_WARN_UNREACHABLE_CODE = YES;
				CLANG_WARN__DUPLICATE_METHOD_MATCH = YES;
				COPY_PHASE_STRIP = NO;
				DEBUG_INFORMATION_FORMAT = "dwarf-with-dsym";
				ENABLE_NS_ASSERTIONS = NO;
				ENABLE_STRICT_OBJC_MSGSEND = YES;
				GCC_C_LANGUAGE_STANDARD = gnu11;
				GCC_NO_COMMON_BLOCKS = YES;
				GCC_WARN_64_TO_32_BIT_CONVERSION = YES;
				GCC_WARN_ABOUT_RETURN_TYPE = YES_ERROR;
				GCC_WARN_UNDECLARED_SELECTOR = YES;
				GCC_WARN_UNINITIALIZED_AUTOS = YES_AGGRESSIVE;
				GCC_WARN_UNUSED_FUNCTION = YES;
				GCC_WARN_UNUSED_VARIABLE = YES;
				IPHONEOS_DEPLOYMENT_TARGET = 14.4;
				MTL_ENABLE_DEBUG_INFO = NO;
				MTL_FAST_MATH = YES;
				SDKROOT = iphoneos;
				SWIFT_COMPILATION_MODE = wholemodule;
				SWIFT_OPTIMIZATION_LEVEL = "-O";
				VALIDATE_PRODUCT = YES;
			};
			name = Release;
		};
		E6BAE4DC25FAF9E700E68FB9 /* Debug */ = {
			isa = XCBuildConfiguration;
			baseConfigurationReference = 1AFCB5C91D81583EFE638E66 /* Pods-Parstagram.debug.xcconfig */;
			buildSettings = {
				ASSETCATALOG_COMPILER_APPICON_NAME = AppIcon;
				ASSETCATALOG_COMPILER_GLOBAL_ACCENT_COLOR_NAME = AccentColor;
				CODE_SIGN_STYLE = Automatic;
				INFOPLIST_FILE = Parstagram/Info.plist;
				LD_RUNPATH_SEARCH_PATHS = (
					"$(inherited)",
					"@executable_path/Frameworks",
				);
				PRODUCT_BUNDLE_IDENTIFIER = winnieyang.Parstagram;
				PRODUCT_NAME = "$(TARGET_NAME)";
				SWIFT_VERSION = 5.0;
				TARGETED_DEVICE_FAMILY = "1,2";
			};
			name = Debug;
		};
		E6BAE4DD25FAF9E700E68FB9 /* Release */ = {
			isa = XCBuildConfiguration;
			baseConfigurationReference = 9490B8BEF9EF78A1F0B4D204 /* Pods-Parstagram.release.xcconfig */;
			buildSettings = {
				ASSETCATALOG_COMPILER_APPICON_NAME = AppIcon;
				ASSETCATALOG_COMPILER_GLOBAL_ACCENT_COLOR_NAME = AccentColor;
				CODE_SIGN_STYLE = Automatic;
				INFOPLIST_FILE = Parstagram/Info.plist;
				LD_RUNPATH_SEARCH_PATHS = (
					"$(inherited)",
					"@executable_path/Frameworks",
				);
				PRODUCT_BUNDLE_IDENTIFIER = winnieyang.Parstagram;
				PRODUCT_NAME = "$(TARGET_NAME)";
				SWIFT_VERSION = 5.0;
				TARGETED_DEVICE_FAMILY = "1,2";
			};
			name = Release;
		};
		E6BAE4DF25FAF9E700E68FB9 /* Debug */ = {
			isa = XCBuildConfiguration;
			baseConfigurationReference = 7B8072F55369CE61D759A189 /* Pods-ParstagramTests.debug.xcconfig */;
			buildSettings = {
				ALWAYS_EMBED_SWIFT_STANDARD_LIBRARIES = YES;
				BUNDLE_LOADER = "$(TEST_HOST)";
				CODE_SIGN_STYLE = Automatic;
				INFOPLIST_FILE = ParstagramTests/Info.plist;
				IPHONEOS_DEPLOYMENT_TARGET = 14.4;
				LD_RUNPATH_SEARCH_PATHS = (
					"$(inherited)",
					"@executable_path/Frameworks",
					"@loader_path/Frameworks",
				);
				PRODUCT_BUNDLE_IDENTIFIER = winnieyang.ParstagramTests;
				PRODUCT_NAME = "$(TARGET_NAME)";
				SWIFT_VERSION = 5.0;
				TARGETED_DEVICE_FAMILY = "1,2";
				TEST_HOST = "$(BUILT_PRODUCTS_DIR)/Parstagram.app/Parstagram";
			};
			name = Debug;
		};
		E6BAE4E025FAF9E700E68FB9 /* Release */ = {
			isa = XCBuildConfiguration;
			baseConfigurationReference = 7ECF2965F78CA69840826686 /* Pods-ParstagramTests.release.xcconfig */;
			buildSettings = {
				ALWAYS_EMBED_SWIFT_STANDARD_LIBRARIES = YES;
				BUNDLE_LOADER = "$(TEST_HOST)";
				CODE_SIGN_STYLE = Automatic;
				INFOPLIST_FILE = ParstagramTests/Info.plist;
				IPHONEOS_DEPLOYMENT_TARGET = 14.4;
				LD_RUNPATH_SEARCH_PATHS = (
					"$(inherited)",
					"@executable_path/Frameworks",
					"@loader_path/Frameworks",
				);
				PRODUCT_BUNDLE_IDENTIFIER = winnieyang.ParstagramTests;
				PRODUCT_NAME = "$(TARGET_NAME)";
				SWIFT_VERSION = 5.0;
				TARGETED_DEVICE_FAMILY = "1,2";
				TEST_HOST = "$(BUILT_PRODUCTS_DIR)/Parstagram.app/Parstagram";
			};
			name = Release;
		};
		E6BAE4E225FAF9E700E68FB9 /* Debug */ = {
			isa = XCBuildConfiguration;
			baseConfigurationReference = 5D18C38481D87F8C01A482CC /* Pods-ParstagramUITests.debug.xcconfig */;
			buildSettings = {
				ALWAYS_EMBED_SWIFT_STANDARD_LIBRARIES = YES;
				CODE_SIGN_STYLE = Automatic;
				INFOPLIST_FILE = ParstagramUITests/Info.plist;
				LD_RUNPATH_SEARCH_PATHS = (
					"$(inherited)",
					"@executable_path/Frameworks",
					"@loader_path/Frameworks",
				);
				PRODUCT_BUNDLE_IDENTIFIER = winnieyang.ParstagramUITests;
				PRODUCT_NAME = "$(TARGET_NAME)";
				SWIFT_VERSION = 5.0;
				TARGETED_DEVICE_FAMILY = "1,2";
				TEST_TARGET_NAME = Parstagram;
			};
			name = Debug;
		};
		E6BAE4E325FAF9E700E68FB9 /* Release */ = {
			isa = XCBuildConfiguration;
			baseConfigurationReference = 4AB041C8B915609A3C269C72 /* Pods-ParstagramUITests.release.xcconfig */;
			buildSettings = {
				ALWAYS_EMBED_SWIFT_STANDARD_LIBRARIES = YES;
				CODE_SIGN_STYLE = Automatic;
				INFOPLIST_FILE = ParstagramUITests/Info.plist;
				LD_RUNPATH_SEARCH_PATHS = (
					"$(inherited)",
					"@executable_path/Frameworks",
					"@loader_path/Frameworks",
				);
				PRODUCT_BUNDLE_IDENTIFIER = winnieyang.ParstagramUITests;
				PRODUCT_NAME = "$(TARGET_NAME)";
				SWIFT_VERSION = 5.0;
				TARGETED_DEVICE_FAMILY = "1,2";
				TEST_TARGET_NAME = Parstagram;
			};
			name = Release;
		};
/* End XCBuildConfiguration section */

/* Begin XCConfigurationList section */
		E6BAE4AC25FAF9E500E68FB9 /* Build configuration list for PBXProject "Parstagram" */ = {
			isa = XCConfigurationList;
			buildConfigurations = (
				E6BAE4D925FAF9E700E68FB9 /* Debug */,
				E6BAE4DA25FAF9E700E68FB9 /* Release */,
			);
			defaultConfigurationIsVisible = 0;
			defaultConfigurationName = Release;
		};
		E6BAE4DB25FAF9E700E68FB9 /* Build configuration list for PBXNativeTarget "Parstagram" */ = {
			isa = XCConfigurationList;
			buildConfigurations = (
				E6BAE4DC25FAF9E700E68FB9 /* Debug */,
				E6BAE4DD25FAF9E700E68FB9 /* Release */,
			);
			defaultConfigurationIsVisible = 0;
			defaultConfigurationName = Release;
		};
		E6BAE4DE25FAF9E700E68FB9 /* Build configuration list for PBXNativeTarget "ParstagramTests" */ = {
			isa = XCConfigurationList;
			buildConfigurations = (
				E6BAE4DF25FAF9E700E68FB9 /* Debug */,
				E6BAE4E025FAF9E700E68FB9 /* Release */,
			);
			defaultConfigurationIsVisible = 0;
			defaultConfigurationName = Release;
		};
		E6BAE4E125FAF9E700E68FB9 /* Build configuration list for PBXNativeTarget "ParstagramUITests" */ = {
			isa = XCConfigurationList;
			buildConfigurations = (
				E6BAE4E225FAF9E700E68FB9 /* Debug */,
				E6BAE4E325FAF9E700E68FB9 /* Release */,
			);
			defaultConfigurationIsVisible = 0;
			defaultConfigurationName = Release;
		};
/* End XCConfigurationList section */
	};
	rootObject = E6BAE4A925FAF9E500E68FB9 /* Project object */;
}
